// !$*UTF8*$!
{
	archiveVersion = 1;
	classes = {
	};
	objectVersion = 51;
	objects = {

/* Begin PBXBuildFile section */
		2739A33E67A700DE43217471 /* Pods_RxSwiftMVVMPractice_RxSwiftMVVMPracticeUITests.framework in Frameworks */ = {isa = PBXBuildFile; fileRef = F49C7EB18184B6B5FA5E3220 /* Pods_RxSwiftMVVMPractice_RxSwiftMVVMPracticeUITests.framework */; };
		4226BEBC3312E2E88FA48FB5 /* Pods_RxSwiftMVVMPractice.framework in Frameworks */ = {isa = PBXBuildFile; fileRef = 52AA50B61F7177C9F8FA1020 /* Pods_RxSwiftMVVMPractice.framework */; };
		AB00DE2026F66F25008CC3F1 /* AppDelegate.swift in Sources */ = {isa = PBXBuildFile; fileRef = AB00DE1F26F66F25008CC3F1 /* AppDelegate.swift */; };
		AB00DE2226F66F25008CC3F1 /* SceneDelegate.swift in Sources */ = {isa = PBXBuildFile; fileRef = AB00DE2126F66F25008CC3F1 /* SceneDelegate.swift */; };
		AB00DE2726F66F25008CC3F1 /* Counter.storyboard in Resources */ = {isa = PBXBuildFile; fileRef = AB00DE2526F66F25008CC3F1 /* Counter.storyboard */; };
		AB00DE2926F66F26008CC3F1 /* Assets.xcassets in Resources */ = {isa = PBXBuildFile; fileRef = AB00DE2826F66F26008CC3F1 /* Assets.xcassets */; };
		AB00DE2C26F66F26008CC3F1 /* LaunchScreen.storyboard in Resources */ = {isa = PBXBuildFile; fileRef = AB00DE2A26F66F26008CC3F1 /* LaunchScreen.storyboard */; };
		AB00DE3726F66F26008CC3F1 /* RxSwiftMVVMPracticeTests.swift in Sources */ = {isa = PBXBuildFile; fileRef = AB00DE3626F66F26008CC3F1 /* RxSwiftMVVMPracticeTests.swift */; };
		AB00DE4226F66F26008CC3F1 /* RxSwiftMVVMPracticeUITests.swift in Sources */ = {isa = PBXBuildFile; fileRef = AB00DE4126F66F26008CC3F1 /* RxSwiftMVVMPracticeUITests.swift */; };
		ABBA34B626F76F3F001BAEEF /* CounterViewController.swift in Sources */ = {isa = PBXBuildFile; fileRef = ABBA34B526F76F3F001BAEEF /* CounterViewController.swift */; };
		ABBA34B826F76FD1001BAEEF /* CounterViewModel.swift in Sources */ = {isa = PBXBuildFile; fileRef = ABBA34B726F76FD1001BAEEF /* CounterViewModel.swift */; };
		ABBA34BA26F7785C001BAEEF /* WKWeb.storyboard in Resources */ = {isa = PBXBuildFile; fileRef = ABBA34B926F7785C001BAEEF /* WKWeb.storyboard */; };
		ABBA34BC26F7786B001BAEEF /* WKWebViewController.swift in Sources */ = {isa = PBXBuildFile; fileRef = ABBA34BB26F7786B001BAEEF /* WKWebViewController.swift */; };
		ABBA34BE26F77D4A001BAEEF /* Settings.storyboard in Resources */ = {isa = PBXBuildFile; fileRef = ABBA34BD26F77D4A001BAEEF /* Settings.storyboard */; };
		ABBA34C026F77D56001BAEEF /* SettingsViewController.swift in Sources */ = {isa = PBXBuildFile; fileRef = ABBA34BF26F77D56001BAEEF /* SettingsViewController.swift */; };
		ABBA34C226F77DD6001BAEEF /* SettingsSection.swift in Sources */ = {isa = PBXBuildFile; fileRef = ABBA34C126F77DD6001BAEEF /* SettingsSection.swift */; };
		ABBA34C426F78110001BAEEF /* SettingsViewModel.swift in Sources */ = {isa = PBXBuildFile; fileRef = ABBA34C326F78110001BAEEF /* SettingsViewModel.swift */; };
		ABBA34CE26F7B560001BAEEF /* Login.storyboard in Resources */ = {isa = PBXBuildFile; fileRef = ABBA34CD26F7B560001BAEEF /* Login.storyboard */; };
		ABBA34D026F7B56A001BAEEF /* LoginViewController.swift in Sources */ = {isa = PBXBuildFile; fileRef = ABBA34CF26F7B56A001BAEEF /* LoginViewController.swift */; };
		ABBA34D226F7B5AF001BAEEF /* User.swift in Sources */ = {isa = PBXBuildFile; fileRef = ABBA34D126F7B5AF001BAEEF /* User.swift */; };
		ABBA34D426F7B783001BAEEF /* LoginViewModel.swift in Sources */ = {isa = PBXBuildFile; fileRef = ABBA34D326F7B783001BAEEF /* LoginViewModel.swift */; };
		ABBA34D626F7B7F8001BAEEF /* HomeViewController.swift in Sources */ = {isa = PBXBuildFile; fileRef = ABBA34D526F7B7F8001BAEEF /* HomeViewController.swift */; };
		ABBA34D826F7B9B6001BAEEF /* Validation.swift in Sources */ = {isa = PBXBuildFile; fileRef = ABBA34D726F7B9B6001BAEEF /* Validation.swift */; };
		ABBA34DB26F7C8C5001BAEEF /* News.swift in Sources */ = {isa = PBXBuildFile; fileRef = ABBA34DA26F7C8C5001BAEEF /* News.swift */; };
		ABBA34DD26F7C8F1001BAEEF /* Constants.swift in Sources */ = {isa = PBXBuildFile; fileRef = ABBA34DC26F7C8F1001BAEEF /* Constants.swift */; };
		ABBA34DF26F7C92A001BAEEF /* News.storyboard in Resources */ = {isa = PBXBuildFile; fileRef = ABBA34DE26F7C92A001BAEEF /* News.storyboard */; };
		ABBA34E126F7C92F001BAEEF /* NewsViewController.swift in Sources */ = {isa = PBXBuildFile; fileRef = ABBA34E026F7C92F001BAEEF /* NewsViewController.swift */; };
		ABBA34E326F7C936001BAEEF /* NewsViewModel.swift in Sources */ = {isa = PBXBuildFile; fileRef = ABBA34E226F7C936001BAEEF /* NewsViewModel.swift */; };
		ABBA34E626F7C981001BAEEF /* NewsTableViewCell.swift in Sources */ = {isa = PBXBuildFile; fileRef = ABBA34E426F7C981001BAEEF /* NewsTableViewCell.swift */; };
		ABBA34E726F7C981001BAEEF /* NewsTableViewCell.xib in Resources */ = {isa = PBXBuildFile; fileRef = ABBA34E526F7C981001BAEEF /* NewsTableViewCell.xib */; };
		ABBA34E926F7C9FF001BAEEF /* APIClient.swift in Sources */ = {isa = PBXBuildFile; fileRef = ABBA34E826F7C9FF001BAEEF /* APIClient.swift */; };
		BD21BDDF883FB4C2481E31C5 /* Pods_RxSwiftMVVMPracticeTests.framework in Frameworks */ = {isa = PBXBuildFile; fileRef = A1F08F566280BDFA1C8EA87D /* Pods_RxSwiftMVVMPracticeTests.framework */; };
/* End PBXBuildFile section */

/* Begin PBXContainerItemProxy section */
		AB00DE3326F66F26008CC3F1 /* PBXContainerItemProxy */ = {
			isa = PBXContainerItemProxy;
			containerPortal = AB00DE1426F66F25008CC3F1 /* Project object */;
			proxyType = 1;
			remoteGlobalIDString = AB00DE1B26F66F25008CC3F1;
			remoteInfo = RxSwiftMVVMPractice;
		};
		AB00DE3E26F66F26008CC3F1 /* PBXContainerItemProxy */ = {
			isa = PBXContainerItemProxy;
			containerPortal = AB00DE1426F66F25008CC3F1 /* Project object */;
			proxyType = 1;
			remoteGlobalIDString = AB00DE1B26F66F25008CC3F1;
			remoteInfo = RxSwiftMVVMPractice;
		};
/* End PBXContainerItemProxy section */

/* Begin PBXFileReference section */
		121FDB90CAC90CE0515F5E28 /* Pods-RxSwiftMVVMPractice.release.xcconfig */ = {isa = PBXFileReference; includeInIndex = 1; lastKnownFileType = text.xcconfig; name = "Pods-RxSwiftMVVMPractice.release.xcconfig"; path = "Target Support Files/Pods-RxSwiftMVVMPractice/Pods-RxSwiftMVVMPractice.release.xcconfig"; sourceTree = "<group>"; };
		2170A6823012E7E0B3FA0CFF /* Pods-RxSwiftMVVMPracticeTests.release.xcconfig */ = {isa = PBXFileReference; includeInIndex = 1; lastKnownFileType = text.xcconfig; name = "Pods-RxSwiftMVVMPracticeTests.release.xcconfig"; path = "Target Support Files/Pods-RxSwiftMVVMPracticeTests/Pods-RxSwiftMVVMPracticeTests.release.xcconfig"; sourceTree = "<group>"; };
		297EDFBAC35C5137B7B14964 /* Pods-RxSwiftMVVMPractice.debug.xcconfig */ = {isa = PBXFileReference; includeInIndex = 1; lastKnownFileType = text.xcconfig; name = "Pods-RxSwiftMVVMPractice.debug.xcconfig"; path = "Target Support Files/Pods-RxSwiftMVVMPractice/Pods-RxSwiftMVVMPractice.debug.xcconfig"; sourceTree = "<group>"; };
		31DFEA8D294A97626E7CEEDB /* Pods-RxSwiftMVVMPractice-RxSwiftMVVMPracticeUITests.release.xcconfig */ = {isa = PBXFileReference; includeInIndex = 1; lastKnownFileType = text.xcconfig; name = "Pods-RxSwiftMVVMPractice-RxSwiftMVVMPracticeUITests.release.xcconfig"; path = "Target Support Files/Pods-RxSwiftMVVMPractice-RxSwiftMVVMPracticeUITests/Pods-RxSwiftMVVMPractice-RxSwiftMVVMPracticeUITests.release.xcconfig"; sourceTree = "<group>"; };
		52AA50B61F7177C9F8FA1020 /* Pods_RxSwiftMVVMPractice.framework */ = {isa = PBXFileReference; explicitFileType = wrapper.framework; includeInIndex = 0; path = Pods_RxSwiftMVVMPractice.framework; sourceTree = BUILT_PRODUCTS_DIR; };
		9113FB1D9A8785662DF8D13F /* Pods-RxSwiftMVVMPractice-RxSwiftMVVMPracticeUITests.debug.xcconfig */ = {isa = PBXFileReference; includeInIndex = 1; lastKnownFileType = text.xcconfig; name = "Pods-RxSwiftMVVMPractice-RxSwiftMVVMPracticeUITests.debug.xcconfig"; path = "Target Support Files/Pods-RxSwiftMVVMPractice-RxSwiftMVVMPracticeUITests/Pods-RxSwiftMVVMPractice-RxSwiftMVVMPracticeUITests.debug.xcconfig"; sourceTree = "<group>"; };
		A1F08F566280BDFA1C8EA87D /* Pods_RxSwiftMVVMPracticeTests.framework */ = {isa = PBXFileReference; explicitFileType = wrapper.framework; includeInIndex = 0; path = Pods_RxSwiftMVVMPracticeTests.framework; sourceTree = BUILT_PRODUCTS_DIR; };
		AB00DE1C26F66F25008CC3F1 /* RxSwiftMVVMPractice.app */ = {isa = PBXFileReference; explicitFileType = wrapper.application; includeInIndex = 0; path = RxSwiftMVVMPractice.app; sourceTree = BUILT_PRODUCTS_DIR; };
		AB00DE1F26F66F25008CC3F1 /* AppDelegate.swift */ = {isa = PBXFileReference; lastKnownFileType = sourcecode.swift; path = AppDelegate.swift; sourceTree = "<group>"; };
		AB00DE2126F66F25008CC3F1 /* SceneDelegate.swift */ = {isa = PBXFileReference; lastKnownFileType = sourcecode.swift; path = SceneDelegate.swift; sourceTree = "<group>"; };
		AB00DE2626F66F25008CC3F1 /* Base */ = {isa = PBXFileReference; lastKnownFileType = file.storyboard; name = Base; path = Base.lproj/Counter.storyboard; sourceTree = "<group>"; };
		AB00DE2826F66F26008CC3F1 /* Assets.xcassets */ = {isa = PBXFileReference; lastKnownFileType = folder.assetcatalog; path = Assets.xcassets; sourceTree = "<group>"; };
		AB00DE2B26F66F26008CC3F1 /* Base */ = {isa = PBXFileReference; lastKnownFileType = file.storyboard; name = Base; path = Base.lproj/LaunchScreen.storyboard; sourceTree = "<group>"; };
		AB00DE2D26F66F26008CC3F1 /* Info.plist */ = {isa = PBXFileReference; lastKnownFileType = text.plist.xml; path = Info.plist; sourceTree = "<group>"; };
		AB00DE3226F66F26008CC3F1 /* RxSwiftMVVMPracticeTests.xctest */ = {isa = PBXFileReference; explicitFileType = wrapper.cfbundle; includeInIndex = 0; path = RxSwiftMVVMPracticeTests.xctest; sourceTree = BUILT_PRODUCTS_DIR; };
		AB00DE3626F66F26008CC3F1 /* RxSwiftMVVMPracticeTests.swift */ = {isa = PBXFileReference; lastKnownFileType = sourcecode.swift; path = RxSwiftMVVMPracticeTests.swift; sourceTree = "<group>"; };
		AB00DE3826F66F26008CC3F1 /* Info.plist */ = {isa = PBXFileReference; lastKnownFileType = text.plist.xml; path = Info.plist; sourceTree = "<group>"; };
		AB00DE3D26F66F26008CC3F1 /* RxSwiftMVVMPracticeUITests.xctest */ = {isa = PBXFileReference; explicitFileType = wrapper.cfbundle; includeInIndex = 0; path = RxSwiftMVVMPracticeUITests.xctest; sourceTree = BUILT_PRODUCTS_DIR; };
		AB00DE4126F66F26008CC3F1 /* RxSwiftMVVMPracticeUITests.swift */ = {isa = PBXFileReference; lastKnownFileType = sourcecode.swift; path = RxSwiftMVVMPracticeUITests.swift; sourceTree = "<group>"; };
		AB00DE4326F66F26008CC3F1 /* Info.plist */ = {isa = PBXFileReference; lastKnownFileType = text.plist.xml; path = Info.plist; sourceTree = "<group>"; };
		ABBA34B526F76F3F001BAEEF /* CounterViewController.swift */ = {isa = PBXFileReference; lastKnownFileType = sourcecode.swift; path = CounterViewController.swift; sourceTree = "<group>"; };
		ABBA34B726F76FD1001BAEEF /* CounterViewModel.swift */ = {isa = PBXFileReference; lastKnownFileType = sourcecode.swift; path = CounterViewModel.swift; sourceTree = "<group>"; };
		ABBA34B926F7785C001BAEEF /* WKWeb.storyboard */ = {isa = PBXFileReference; lastKnownFileType = file.storyboard; path = WKWeb.storyboard; sourceTree = "<group>"; };
		ABBA34BB26F7786B001BAEEF /* WKWebViewController.swift */ = {isa = PBXFileReference; lastKnownFileType = sourcecode.swift; path = WKWebViewController.swift; sourceTree = "<group>"; };
		ABBA34BD26F77D4A001BAEEF /* Settings.storyboard */ = {isa = PBXFileReference; lastKnownFileType = file.storyboard; path = Settings.storyboard; sourceTree = "<group>"; };
		ABBA34BF26F77D56001BAEEF /* SettingsViewController.swift */ = {isa = PBXFileReference; lastKnownFileType = sourcecode.swift; path = SettingsViewController.swift; sourceTree = "<group>"; };
		ABBA34C126F77DD6001BAEEF /* SettingsSection.swift */ = {isa = PBXFileReference; lastKnownFileType = sourcecode.swift; path = SettingsSection.swift; sourceTree = "<group>"; };
		ABBA34C326F78110001BAEEF /* SettingsViewModel.swift */ = {isa = PBXFileReference; lastKnownFileType = sourcecode.swift; path = SettingsViewModel.swift; sourceTree = "<group>"; };
		ABBA34CD26F7B560001BAEEF /* Login.storyboard */ = {isa = PBXFileReference; lastKnownFileType = file.storyboard; path = Login.storyboard; sourceTree = "<group>"; };
		ABBA34CF26F7B56A001BAEEF /* LoginViewController.swift */ = {isa = PBXFileReference; lastKnownFileType = sourcecode.swift; path = LoginViewController.swift; sourceTree = "<group>"; };
		ABBA34D126F7B5AF001BAEEF /* User.swift */ = {isa = PBXFileReference; lastKnownFileType = sourcecode.swift; path = User.swift; sourceTree = "<group>"; };
		ABBA34D326F7B783001BAEEF /* LoginViewModel.swift */ = {isa = PBXFileReference; lastKnownFileType = sourcecode.swift; path = LoginViewModel.swift; sourceTree = "<group>"; };
		ABBA34D526F7B7F8001BAEEF /* HomeViewController.swift */ = {isa = PBXFileReference; lastKnownFileType = sourcecode.swift; path = HomeViewController.swift; sourceTree = "<group>"; };
		ABBA34D726F7B9B6001BAEEF /* Validation.swift */ = {isa = PBXFileReference; lastKnownFileType = sourcecode.swift; path = Validation.swift; sourceTree = "<group>"; };
		ABBA34DA26F7C8C5001BAEEF /* News.swift */ = {isa = PBXFileReference; lastKnownFileType = sourcecode.swift; path = News.swift; sourceTree = "<group>"; };
		ABBA34DC26F7C8F1001BAEEF /* Constants.swift */ = {isa = PBXFileReference; lastKnownFileType = sourcecode.swift; path = Constants.swift; sourceTree = "<group>"; };
		ABBA34DE26F7C92A001BAEEF /* News.storyboard */ = {isa = PBXFileReference; lastKnownFileType = file.storyboard; path = News.storyboard; sourceTree = "<group>"; };
		ABBA34E026F7C92F001BAEEF /* NewsViewController.swift */ = {isa = PBXFileReference; lastKnownFileType = sourcecode.swift; path = NewsViewController.swift; sourceTree = "<group>"; };
		ABBA34E226F7C936001BAEEF /* NewsViewModel.swift */ = {isa = PBXFileReference; lastKnownFileType = sourcecode.swift; path = NewsViewModel.swift; sourceTree = "<group>"; };
		ABBA34E426F7C981001BAEEF /* NewsTableViewCell.swift */ = {isa = PBXFileReference; lastKnownFileType = sourcecode.swift; path = NewsTableViewCell.swift; sourceTree = "<group>"; };
		ABBA34E526F7C981001BAEEF /* NewsTableViewCell.xib */ = {isa = PBXFileReference; lastKnownFileType = file.xib; path = NewsTableViewCell.xib; sourceTree = "<group>"; };
		ABBA34E826F7C9FF001BAEEF /* APIClient.swift */ = {isa = PBXFileReference; lastKnownFileType = sourcecode.swift; path = APIClient.swift; sourceTree = "<group>"; };
		CC1D410FD648872E9BD9B69D /* Pods-RxSwiftMVVMPracticeTests.debug.xcconfig */ = {isa = PBXFileReference; includeInIndex = 1; lastKnownFileType = text.xcconfig; name = "Pods-RxSwiftMVVMPracticeTests.debug.xcconfig"; path = "Target Support Files/Pods-RxSwiftMVVMPracticeTests/Pods-RxSwiftMVVMPracticeTests.debug.xcconfig"; sourceTree = "<group>"; };
		F49C7EB18184B6B5FA5E3220 /* Pods_RxSwiftMVVMPractice_RxSwiftMVVMPracticeUITests.framework */ = {isa = PBXFileReference; explicitFileType = wrapper.framework; includeInIndex = 0; path = Pods_RxSwiftMVVMPractice_RxSwiftMVVMPracticeUITests.framework; sourceTree = BUILT_PRODUCTS_DIR; };
/* End PBXFileReference section */

/* Begin PBXFrameworksBuildPhase section */
		AB00DE1926F66F25008CC3F1 /* Frameworks */ = {
			isa = PBXFrameworksBuildPhase;
			buildActionMask = 2147483647;
			files = (
				4226BEBC3312E2E88FA48FB5 /* Pods_RxSwiftMVVMPractice.framework in Frameworks */,
			);
			runOnlyForDeploymentPostprocessing = 0;
		};
		AB00DE2F26F66F26008CC3F1 /* Frameworks */ = {
			isa = PBXFrameworksBuildPhase;
			buildActionMask = 2147483647;
			files = (
				BD21BDDF883FB4C2481E31C5 /* Pods_RxSwiftMVVMPracticeTests.framework in Frameworks */,
			);
			runOnlyForDeploymentPostprocessing = 0;
		};
		AB00DE3A26F66F26008CC3F1 /* Frameworks */ = {
			isa = PBXFrameworksBuildPhase;
			buildActionMask = 2147483647;
			files = (
				2739A33E67A700DE43217471 /* Pods_RxSwiftMVVMPractice_RxSwiftMVVMPracticeUITests.framework in Frameworks */,
			);
			runOnlyForDeploymentPostprocessing = 0;
		};
/* End PBXFrameworksBuildPhase section */

/* Begin PBXGroup section */
		15BB51E1C8FD7C9C19892EE9 /* Frameworks */ = {
			isa = PBXGroup;
			children = (
				52AA50B61F7177C9F8FA1020 /* Pods_RxSwiftMVVMPractice.framework */,
				F49C7EB18184B6B5FA5E3220 /* Pods_RxSwiftMVVMPractice_RxSwiftMVVMPracticeUITests.framework */,
				A1F08F566280BDFA1C8EA87D /* Pods_RxSwiftMVVMPracticeTests.framework */,
			);
			name = Frameworks;
			sourceTree = "<group>";
		};
		AB00DE1326F66F25008CC3F1 = {
			isa = PBXGroup;
			children = (
				AB00DE1E26F66F25008CC3F1 /* RxSwiftMVVMPractice */,
				AB00DE3526F66F26008CC3F1 /* RxSwiftMVVMPracticeTests */,
				AB00DE4026F66F26008CC3F1 /* RxSwiftMVVMPracticeUITests */,
				AB00DE1D26F66F25008CC3F1 /* Products */,
				C72C620A86B9DD7EB517DEBD /* Pods */,
				15BB51E1C8FD7C9C19892EE9 /* Frameworks */,
			);
			sourceTree = "<group>";
		};
		AB00DE1D26F66F25008CC3F1 /* Products */ = {
			isa = PBXGroup;
			children = (
				AB00DE1C26F66F25008CC3F1 /* RxSwiftMVVMPractice.app */,
				AB00DE3226F66F26008CC3F1 /* RxSwiftMVVMPracticeTests.xctest */,
				AB00DE3D26F66F26008CC3F1 /* RxSwiftMVVMPracticeUITests.xctest */,
			);
			name = Products;
			sourceTree = "<group>";
		};
		AB00DE1E26F66F25008CC3F1 /* RxSwiftMVVMPractice */ = {
			isa = PBXGroup;
			children = (
				ABBA34D926F7C88B001BAEEF /* News */,
				ABBA34CC26F7B429001BAEEF /* Login */,
				ABBA34CB26F7B3FC001BAEEF /* WKWeb */,
				ABBA34C626F7B3B9001BAEEF /* Counter */,
				ABBA34C526F7B39C001BAEEF /* Settings */,
				AB00DE1F26F66F25008CC3F1 /* AppDelegate.swift */,
				AB00DE2126F66F25008CC3F1 /* SceneDelegate.swift */,
				AB00DE2826F66F26008CC3F1 /* Assets.xcassets */,
				AB00DE2A26F66F26008CC3F1 /* LaunchScreen.storyboard */,
				AB00DE2D26F66F26008CC3F1 /* Info.plist */,
			);
			path = RxSwiftMVVMPractice;
			sourceTree = "<group>";
		};
		AB00DE3526F66F26008CC3F1 /* RxSwiftMVVMPracticeTests */ = {
			isa = PBXGroup;
			children = (
				AB00DE3626F66F26008CC3F1 /* RxSwiftMVVMPracticeTests.swift */,
				AB00DE3826F66F26008CC3F1 /* Info.plist */,
			);
			path = RxSwiftMVVMPracticeTests;
			sourceTree = "<group>";
		};
		AB00DE4026F66F26008CC3F1 /* RxSwiftMVVMPracticeUITests */ = {
			isa = PBXGroup;
			children = (
				AB00DE4126F66F26008CC3F1 /* RxSwiftMVVMPracticeUITests.swift */,
				AB00DE4326F66F26008CC3F1 /* Info.plist */,
			);
			path = RxSwiftMVVMPracticeUITests;
			sourceTree = "<group>";
		};
		ABBA34C526F7B39C001BAEEF /* Settings */ = {
			isa = PBXGroup;
			children = (
				ABBA34C126F77DD6001BAEEF /* SettingsSection.swift */,
				ABBA34BF26F77D56001BAEEF /* SettingsViewController.swift */,
				ABBA34C326F78110001BAEEF /* SettingsViewModel.swift */,
				ABBA34BD26F77D4A001BAEEF /* Settings.storyboard */,
			);
			path = Settings;
			sourceTree = "<group>";
		};
		ABBA34C626F7B3B9001BAEEF /* Counter */ = {
			isa = PBXGroup;
			children = (
				ABBA34B526F76F3F001BAEEF /* CounterViewController.swift */,
				ABBA34B726F76FD1001BAEEF /* CounterViewModel.swift */,
				AB00DE2526F66F25008CC3F1 /* Counter.storyboard */,
			);
			path = Counter;
			sourceTree = "<group>";
		};
		ABBA34CB26F7B3FC001BAEEF /* WKWeb */ = {
			isa = PBXGroup;
			children = (
				ABBA34B926F7785C001BAEEF /* WKWeb.storyboard */,
				ABBA34BB26F7786B001BAEEF /* WKWebViewController.swift */,
			);
			path = WKWeb;
			sourceTree = "<group>";
		};
		ABBA34CC26F7B429001BAEEF /* Login */ = {
			isa = PBXGroup;
			children = (
				ABBA34D126F7B5AF001BAEEF /* User.swift */,
				ABBA34D726F7B9B6001BAEEF /* Validation.swift */,
				ABBA34CD26F7B560001BAEEF /* Login.storyboard */,
				ABBA34D326F7B783001BAEEF /* LoginViewModel.swift */,
				ABBA34CF26F7B56A001BAEEF /* LoginViewController.swift */,
				ABBA34D526F7B7F8001BAEEF /* HomeViewController.swift */,
			);
			path = Login;
			sourceTree = "<group>";
		};
		ABBA34D926F7C88B001BAEEF /* News */ = {
			isa = PBXGroup;
			children = (
				ABBA34E826F7C9FF001BAEEF /* APIClient.swift */,
				ABBA34DC26F7C8F1001BAEEF /* Constants.swift */,
				ABBA34DA26F7C8C5001BAEEF /* News.swift */,
				ABBA34E026F7C92F001BAEEF /* NewsViewController.swift */,
				ABBA34DE26F7C92A001BAEEF /* News.storyboard */,
				ABBA34E226F7C936001BAEEF /* NewsViewModel.swift */,
				ABBA34E426F7C981001BAEEF /* NewsTableViewCell.swift */,
				ABBA34E526F7C981001BAEEF /* NewsTableViewCell.xib */,
			);
			path = News;
			sourceTree = "<group>";
		};
		C72C620A86B9DD7EB517DEBD /* Pods */ = {
			isa = PBXGroup;
			children = (
				297EDFBAC35C5137B7B14964 /* Pods-RxSwiftMVVMPractice.debug.xcconfig */,
				121FDB90CAC90CE0515F5E28 /* Pods-RxSwiftMVVMPractice.release.xcconfig */,
				9113FB1D9A8785662DF8D13F /* Pods-RxSwiftMVVMPractice-RxSwiftMVVMPracticeUITests.debug.xcconfig */,
				31DFEA8D294A97626E7CEEDB /* Pods-RxSwiftMVVMPractice-RxSwiftMVVMPracticeUITests.release.xcconfig */,
				CC1D410FD648872E9BD9B69D /* Pods-RxSwiftMVVMPracticeTests.debug.xcconfig */,
				2170A6823012E7E0B3FA0CFF /* Pods-RxSwiftMVVMPracticeTests.release.xcconfig */,
			);
			path = Pods;
			sourceTree = "<group>";
		};
/* End PBXGroup section */

/* Begin PBXNativeTarget section */
		AB00DE1B26F66F25008CC3F1 /* RxSwiftMVVMPractice */ = {
			isa = PBXNativeTarget;
			buildConfigurationList = AB00DE4626F66F26008CC3F1 /* Build configuration list for PBXNativeTarget "RxSwiftMVVMPractice" */;
			buildPhases = (
				B6E228CB93E6F91B14E46731 /* [CP] Check Pods Manifest.lock */,
				AB00DE1826F66F25008CC3F1 /* Sources */,
				AB00DE1926F66F25008CC3F1 /* Frameworks */,
				AB00DE1A26F66F25008CC3F1 /* Resources */,
				281DA73860E44880C443FAB6 /* [CP] Embed Pods Frameworks */,
			);
			buildRules = (
			);
			dependencies = (
			);
			name = RxSwiftMVVMPractice;
			productName = RxSwiftMVVMPractice;
			productReference = AB00DE1C26F66F25008CC3F1 /* RxSwiftMVVMPractice.app */;
			productType = "com.apple.product-type.application";
		};
		AB00DE3126F66F26008CC3F1 /* RxSwiftMVVMPracticeTests */ = {
			isa = PBXNativeTarget;
			buildConfigurationList = AB00DE4926F66F26008CC3F1 /* Build configuration list for PBXNativeTarget "RxSwiftMVVMPracticeTests" */;
			buildPhases = (
				9291B88D127619439F53A32E /* [CP] Check Pods Manifest.lock */,
				AB00DE2E26F66F26008CC3F1 /* Sources */,
				AB00DE2F26F66F26008CC3F1 /* Frameworks */,
				AB00DE3026F66F26008CC3F1 /* Resources */,
			);
			buildRules = (
			);
			dependencies = (
				AB00DE3426F66F26008CC3F1 /* PBXTargetDependency */,
			);
			name = RxSwiftMVVMPracticeTests;
			productName = RxSwiftMVVMPracticeTests;
			productReference = AB00DE3226F66F26008CC3F1 /* RxSwiftMVVMPracticeTests.xctest */;
			productType = "com.apple.product-type.bundle.unit-test";
		};
		AB00DE3C26F66F26008CC3F1 /* RxSwiftMVVMPracticeUITests */ = {
			isa = PBXNativeTarget;
			buildConfigurationList = AB00DE4C26F66F26008CC3F1 /* Build configuration list for PBXNativeTarget "RxSwiftMVVMPracticeUITests" */;
			buildPhases = (
				88D04862617CE8F8802C8BBE /* [CP] Check Pods Manifest.lock */,
				AB00DE3926F66F26008CC3F1 /* Sources */,
				AB00DE3A26F66F26008CC3F1 /* Frameworks */,
				AB00DE3B26F66F26008CC3F1 /* Resources */,
				41C5D02CB4DCAEF4B1B3D6F2 /* [CP] Embed Pods Frameworks */,
			);
			buildRules = (
			);
			dependencies = (
				AB00DE3F26F66F26008CC3F1 /* PBXTargetDependency */,
			);
			name = RxSwiftMVVMPracticeUITests;
			productName = RxSwiftMVVMPracticeUITests;
			productReference = AB00DE3D26F66F26008CC3F1 /* RxSwiftMVVMPracticeUITests.xctest */;
			productType = "com.apple.product-type.bundle.ui-testing";
		};
/* End PBXNativeTarget section */

/* Begin PBXProject section */
		AB00DE1426F66F25008CC3F1 /* Project object */ = {
			isa = PBXProject;
			attributes = {
				LastSwiftUpdateCheck = 1250;
				LastUpgradeCheck = 1250;
				TargetAttributes = {
					AB00DE1B26F66F25008CC3F1 = {
						CreatedOnToolsVersion = 12.5.1;
					};
					AB00DE3126F66F26008CC3F1 = {
						CreatedOnToolsVersion = 12.5.1;
						TestTargetID = AB00DE1B26F66F25008CC3F1;
					};
					AB00DE3C26F66F26008CC3F1 = {
						CreatedOnToolsVersion = 12.5.1;
						TestTargetID = AB00DE1B26F66F25008CC3F1;
					};
				};
			};
			buildConfigurationList = AB00DE1726F66F25008CC3F1 /* Build configuration list for PBXProject "RxSwiftMVVMPractice" */;
			compatibilityVersion = "Xcode 9.3";
			developmentRegion = en;
			hasScannedForEncodings = 0;
			knownRegions = (
				en,
				Base,
			);
			mainGroup = AB00DE1326F66F25008CC3F1;
			productRefGroup = AB00DE1D26F66F25008CC3F1 /* Products */;
			projectDirPath = "";
			projectRoot = "";
			targets = (
				AB00DE1B26F66F25008CC3F1 /* RxSwiftMVVMPractice */,
				AB00DE3126F66F26008CC3F1 /* RxSwiftMVVMPracticeTests */,
				AB00DE3C26F66F26008CC3F1 /* RxSwiftMVVMPracticeUITests */,
			);
		};
/* End PBXProject section */

/* Begin PBXResourcesBuildPhase section */
		AB00DE1A26F66F25008CC3F1 /* Resources */ = {
			isa = PBXResourcesBuildPhase;
			buildActionMask = 2147483647;
			files = (
				ABBA34BE26F77D4A001BAEEF /* Settings.storyboard in Resources */,
				AB00DE2C26F66F26008CC3F1 /* LaunchScreen.storyboard in Resources */,
				ABBA34CE26F7B560001BAEEF /* Login.storyboard in Resources */,
				AB00DE2926F66F26008CC3F1 /* Assets.xcassets in Resources */,
				ABBA34DF26F7C92A001BAEEF /* News.storyboard in Resources */,
				AB00DE2726F66F25008CC3F1 /* Counter.storyboard in Resources */,
				ABBA34E726F7C981001BAEEF /* NewsTableViewCell.xib in Resources */,
				ABBA34BA26F7785C001BAEEF /* WKWeb.storyboard in Resources */,
			);
			runOnlyForDeploymentPostprocessing = 0;
		};
		AB00DE3026F66F26008CC3F1 /* Resources */ = {
			isa = PBXResourcesBuildPhase;
			buildActionMask = 2147483647;
			files = (
			);
			runOnlyForDeploymentPostprocessing = 0;
		};
		AB00DE3B26F66F26008CC3F1 /* Resources */ = {
			isa = PBXResourcesBuildPhase;
			buildActionMask = 2147483647;
			files = (
			);
			runOnlyForDeploymentPostprocessing = 0;
		};
/* End PBXResourcesBuildPhase section */

/* Begin PBXShellScriptBuildPhase section */
		281DA73860E44880C443FAB6 /* [CP] Embed Pods Frameworks */ = {
			isa = PBXShellScriptBuildPhase;
			buildActionMask = 2147483647;
			files = (
			);
			inputFileListPaths = (
				"${PODS_ROOT}/Target Support Files/Pods-RxSwiftMVVMPractice/Pods-RxSwiftMVVMPractice-frameworks-${CONFIGURATION}-input-files.xcfilelist",
			);
			name = "[CP] Embed Pods Frameworks";
			outputFileListPaths = (
				"${PODS_ROOT}/Target Support Files/Pods-RxSwiftMVVMPractice/Pods-RxSwiftMVVMPractice-frameworks-${CONFIGURATION}-output-files.xcfilelist",
			);
			runOnlyForDeploymentPostprocessing = 0;
			shellPath = /bin/sh;
			shellScript = "\"${PODS_ROOT}/Target Support Files/Pods-RxSwiftMVVMPractice/Pods-RxSwiftMVVMPractice-frameworks.sh\"\n";
			showEnvVarsInLog = 0;
		};
		41C5D02CB4DCAEF4B1B3D6F2 /* [CP] Embed Pods Frameworks */ = {
			isa = PBXShellScriptBuildPhase;
			buildActionMask = 2147483647;
			files = (
			);
			inputFileListPaths = (
				"${PODS_ROOT}/Target Support Files/Pods-RxSwiftMVVMPractice-RxSwiftMVVMPracticeUITests/Pods-RxSwiftMVVMPractice-RxSwiftMVVMPracticeUITests-frameworks-${CONFIGURATION}-input-files.xcfilelist",
			);
			name = "[CP] Embed Pods Frameworks";
			outputFileListPaths = (
				"${PODS_ROOT}/Target Support Files/Pods-RxSwiftMVVMPractice-RxSwiftMVVMPracticeUITests/Pods-RxSwiftMVVMPractice-RxSwiftMVVMPracticeUITests-frameworks-${CONFIGURATION}-output-files.xcfilelist",
			);
			runOnlyForDeploymentPostprocessing = 0;
			shellPath = /bin/sh;
			shellScript = "\"${PODS_ROOT}/Target Support Files/Pods-RxSwiftMVVMPractice-RxSwiftMVVMPracticeUITests/Pods-RxSwiftMVVMPractice-RxSwiftMVVMPracticeUITests-frameworks.sh\"\n";
			showEnvVarsInLog = 0;
		};
		88D04862617CE8F8802C8BBE /* [CP] Check Pods Manifest.lock */ = {
			isa = PBXShellScriptBuildPhase;
			buildActionMask = 2147483647;
			files = (
			);
			inputFileListPaths = (
			);
			inputPaths = (
				"${PODS_PODFILE_DIR_PATH}/Podfile.lock",
				"${PODS_ROOT}/Manifest.lock",
			);
			name = "[CP] Check Pods Manifest.lock";
			outputFileListPaths = (
			);
			outputPaths = (
				"$(DERIVED_FILE_DIR)/Pods-RxSwiftMVVMPractice-RxSwiftMVVMPracticeUITests-checkManifestLockResult.txt",
			);
			runOnlyForDeploymentPostprocessing = 0;
			shellPath = /bin/sh;
			shellScript = "diff \"${PODS_PODFILE_DIR_PATH}/Podfile.lock\" \"${PODS_ROOT}/Manifest.lock\" > /dev/null\nif [ $? != 0 ] ; then\n    # print error to STDERR\n    echo \"error: The sandbox is not in sync with the Podfile.lock. Run 'pod install' or update your CocoaPods installation.\" >&2\n    exit 1\nfi\n# This output is used by Xcode 'outputs' to avoid re-running this script phase.\necho \"SUCCESS\" > \"${SCRIPT_OUTPUT_FILE_0}\"\n";
			showEnvVarsInLog = 0;
		};
		9291B88D127619439F53A32E /* [CP] Check Pods Manifest.lock */ = {
			isa = PBXShellScriptBuildPhase;
			buildActionMask = 2147483647;
			files = (
			);
			inputFileListPaths = (
			);
			inputPaths = (
				"${PODS_PODFILE_DIR_PATH}/Podfile.lock",
				"${PODS_ROOT}/Manifest.lock",
			);
			name = "[CP] Check Pods Manifest.lock";
			outputFileListPaths = (
			);
			outputPaths = (
				"$(DERIVED_FILE_DIR)/Pods-RxSwiftMVVMPracticeTests-checkManifestLockResult.txt",
			);
			runOnlyForDeploymentPostprocessing = 0;
			shellPath = /bin/sh;
			shellScript = "diff \"${PODS_PODFILE_DIR_PATH}/Podfile.lock\" \"${PODS_ROOT}/Manifest.lock\" > /dev/null\nif [ $? != 0 ] ; then\n    # print error to STDERR\n    echo \"error: The sandbox is not in sync with the Podfile.lock. Run 'pod install' or update your CocoaPods installation.\" >&2\n    exit 1\nfi\n# This output is used by Xcode 'outputs' to avoid re-running this script phase.\necho \"SUCCESS\" > \"${SCRIPT_OUTPUT_FILE_0}\"\n";
			showEnvVarsInLog = 0;
		};
		B6E228CB93E6F91B14E46731 /* [CP] Check Pods Manifest.lock */ = {
			isa = PBXShellScriptBuildPhase;
			buildActionMask = 2147483647;
			files = (
			);
			inputFileListPaths = (
			);
			inputPaths = (
				"${PODS_PODFILE_DIR_PATH}/Podfile.lock",
				"${PODS_ROOT}/Manifest.lock",
			);
			name = "[CP] Check Pods Manifest.lock";
			outputFileListPaths = (
			);
			outputPaths = (
				"$(DERIVED_FILE_DIR)/Pods-RxSwiftMVVMPractice-checkManifestLockResult.txt",
			);
			runOnlyForDeploymentPostprocessing = 0;
			shellPath = /bin/sh;
			shellScript = "diff \"${PODS_PODFILE_DIR_PATH}/Podfile.lock\" \"${PODS_ROOT}/Manifest.lock\" > /dev/null\nif [ $? != 0 ] ; then\n    # print error to STDERR\n    echo \"error: The sandbox is not in sync with the Podfile.lock. Run 'pod install' or update your CocoaPods installation.\" >&2\n    exit 1\nfi\n# This output is used by Xcode 'outputs' to avoid re-running this script phase.\necho \"SUCCESS\" > \"${SCRIPT_OUTPUT_FILE_0}\"\n";
			showEnvVarsInLog = 0;
		};
/* End PBXShellScriptBuildPhase section */

/* Begin PBXSourcesBuildPhase section */
		AB00DE1826F66F25008CC3F1 /* Sources */ = {
			isa = PBXSourcesBuildPhase;
			buildActionMask = 2147483647;
			files = (
				ABBA34D026F7B56A001BAEEF /* LoginViewController.swift in Sources */,
				ABBA34C226F77DD6001BAEEF /* SettingsSection.swift in Sources */,
				ABBA34D426F7B783001BAEEF /* LoginViewModel.swift in Sources */,
				ABBA34C026F77D56001BAEEF /* SettingsViewController.swift in Sources */,
				ABBA34DB26F7C8C5001BAEEF /* News.swift in Sources */,
				ABBA34DD26F7C8F1001BAEEF /* Constants.swift in Sources */,
				ABBA34E926F7C9FF001BAEEF /* APIClient.swift in Sources */,
				ABBA34D826F7B9B6001BAEEF /* Validation.swift in Sources */,
				ABBA34BC26F7786B001BAEEF /* WKWebViewController.swift in Sources */,
				ABBA34E626F7C981001BAEEF /* NewsTableViewCell.swift in Sources */,
				ABBA34B626F76F3F001BAEEF /* CounterViewController.swift in Sources */,
				ABBA34E326F7C936001BAEEF /* NewsViewModel.swift in Sources */,
				AB00DE2026F66F25008CC3F1 /* AppDelegate.swift in Sources */,
				ABBA34B826F76FD1001BAEEF /* CounterViewModel.swift in Sources */,
				AB00DE2226F66F25008CC3F1 /* SceneDelegate.swift in Sources */,
				ABBA34D226F7B5AF001BAEEF /* User.swift in Sources */,
				ABBA34C426F78110001BAEEF /* SettingsViewModel.swift in Sources */,
				ABBA34D626F7B7F8001BAEEF /* HomeViewController.swift in Sources */,
				ABBA34E126F7C92F001BAEEF /* NewsViewController.swift in Sources */,
			);
			runOnlyForDeploymentPostprocessing = 0;
		};
		AB00DE2E26F66F26008CC3F1 /* Sources */ = {
			isa = PBXSourcesBuildPhase;
			buildActionMask = 2147483647;
			files = (
				AB00DE3726F66F26008CC3F1 /* RxSwiftMVVMPracticeTests.swift in Sources */,
			);
			runOnlyForDeploymentPostprocessing = 0;
		};
		AB00DE3926F66F26008CC3F1 /* Sources */ = {
			isa = PBXSourcesBuildPhase;
			buildActionMask = 2147483647;
			files = (
				AB00DE4226F66F26008CC3F1 /* RxSwiftMVVMPracticeUITests.swift in Sources */,
			);
			runOnlyForDeploymentPostprocessing = 0;
		};
/* End PBXSourcesBuildPhase section */

/* Begin PBXTargetDependency section */
		AB00DE3426F66F26008CC3F1 /* PBXTargetDependency */ = {
			isa = PBXTargetDependency;
			target = AB00DE1B26F66F25008CC3F1 /* RxSwiftMVVMPractice */;
			targetProxy = AB00DE3326F66F26008CC3F1 /* PBXContainerItemProxy */;
		};
		AB00DE3F26F66F26008CC3F1 /* PBXTargetDependency */ = {
			isa = PBXTargetDependency;
			target = AB00DE1B26F66F25008CC3F1 /* RxSwiftMVVMPractice */;
			targetProxy = AB00DE3E26F66F26008CC3F1 /* PBXContainerItemProxy */;
		};
/* End PBXTargetDependency section */

/* Begin PBXVariantGroup section */
		AB00DE2526F66F25008CC3F1 /* Counter.storyboard */ = {
			isa = PBXVariantGroup;
			children = (
				AB00DE2626F66F25008CC3F1 /* Base */,
			);
			name = Counter.storyboard;
			sourceTree = "<group>";
		};
		AB00DE2A26F66F26008CC3F1 /* LaunchScreen.storyboard */ = {
			isa = PBXVariantGroup;
			children = (
				AB00DE2B26F66F26008CC3F1 /* Base */,
			);
			name = LaunchScreen.storyboard;
			sourceTree = "<group>";
		};
/* End PBXVariantGroup section */

/* Begin XCBuildConfiguration section */
		AB00DE4426F66F26008CC3F1 /* Debug */ = {
			isa = XCBuildConfiguration;
			buildSettings = {
				ALWAYS_SEARCH_USER_PATHS = NO;
				CLANG_ANALYZER_NONNULL = YES;
				CLANG_ANALYZER_NUMBER_OBJECT_CONVERSION = YES_AGGRESSIVE;
				CLANG_CXX_LANGUAGE_STANDARD = "gnu++14";
				CLANG_CXX_LIBRARY = "libc++";
				CLANG_ENABLE_MODULES = YES;
				CLANG_ENABLE_OBJC_ARC = YES;
				CLANG_ENABLE_OBJC_WEAK = YES;
				CLANG_WARN_BLOCK_CAPTURE_AUTORELEASING = YES;
				CLANG_WARN_BOOL_CONVERSION = YES;
				CLANG_WARN_COMMA = YES;
				CLANG_WARN_CONSTANT_CONVERSION = YES;
				CLANG_WARN_DEPRECATED_OBJC_IMPLEMENTATIONS = YES;
				CLANG_WARN_DIRECT_OBJC_ISA_USAGE = YES_ERROR;
				CLANG_WARN_DOCUMENTATION_COMMENTS = YES;
				CLANG_WARN_EMPTY_BODY = YES;
				CLANG_WARN_ENUM_CONVERSION = YES;
				CLANG_WARN_INFINITE_RECURSION = YES;
				CLANG_WARN_INT_CONVERSION = YES;
				CLANG_WARN_NON_LITERAL_NULL_CONVERSION = YES;
				CLANG_WARN_OBJC_IMPLICIT_RETAIN_SELF = YES;
				CLANG_WARN_OBJC_LITERAL_CONVERSION = YES;
				CLANG_WARN_OBJC_ROOT_CLASS = YES_ERROR;
				CLANG_WARN_QUOTED_INCLUDE_IN_FRAMEWORK_HEADER = YES;
				CLANG_WARN_RANGE_LOOP_ANALYSIS = YES;
				CLANG_WARN_STRICT_PROTOTYPES = YES;
				CLANG_WARN_SUSPICIOUS_MOVE = YES;
				CLANG_WARN_UNGUARDED_AVAILABILITY = YES_AGGRESSIVE;
				CLANG_WARN_UNREACHABLE_CODE = YES;
				CLANG_WARN__DUPLICATE_METHOD_MATCH = YES;
				COPY_PHASE_STRIP = NO;
				DEBUG_INFORMATION_FORMAT = dwarf;
				ENABLE_STRICT_OBJC_MSGSEND = YES;
				ENABLE_TESTABILITY = YES;
				GCC_C_LANGUAGE_STANDARD = gnu11;
				GCC_DYNAMIC_NO_PIC = NO;
				GCC_NO_COMMON_BLOCKS = YES;
				GCC_OPTIMIZATION_LEVEL = 0;
				GCC_PREPROCESSOR_DEFINITIONS = (
					"DEBUG=1",
					"$(inherited)",
				);
				GCC_WARN_64_TO_32_BIT_CONVERSION = YES;
				GCC_WARN_ABOUT_RETURN_TYPE = YES_ERROR;
				GCC_WARN_UNDECLARED_SELECTOR = YES;
				GCC_WARN_UNINITIALIZED_AUTOS = YES_AGGRESSIVE;
				GCC_WARN_UNUSED_FUNCTION = YES;
				GCC_WARN_UNUSED_VARIABLE = YES;
				IPHONEOS_DEPLOYMENT_TARGET = 14.5;
				MTL_ENABLE_DEBUG_INFO = INCLUDE_SOURCE;
				MTL_FAST_MATH = YES;
				ONLY_ACTIVE_ARCH = YES;
				SDKROOT = iphoneos;
				SWIFT_ACTIVE_COMPILATION_CONDITIONS = DEBUG;
				SWIFT_OPTIMIZATION_LEVEL = "-Onone";
			};
			name = Debug;
		};
		AB00DE4526F66F26008CC3F1 /* Release */ = {
			isa = XCBuildConfiguration;
			buildSettings = {
				ALWAYS_SEARCH_USER_PATHS = NO;
				CLANG_ANALYZER_NONNULL = YES;
				CLANG_ANALYZER_NUMBER_OBJECT_CONVERSION = YES_AGGRESSIVE;
				CLANG_CXX_LANGUAGE_STANDARD = "gnu++14";
				CLANG_CXX_LIBRARY = "libc++";
				CLANG_ENABLE_MODULES = YES;
				CLANG_ENABLE_OBJC_ARC = YES;
				CLANG_ENABLE_OBJC_WEAK = YES;
				CLANG_WARN_BLOCK_CAPTURE_AUTORELEASING = YES;
				CLANG_WARN_BOOL_CONVERSION = YES;
				CLANG_WARN_COMMA = YES;
				CLANG_WARN_CONSTANT_CONVERSION = YES;
				CLANG_WARN_DEPRECATED_OBJC_IMPLEMENTATIONS = YES;
				CLANG_WARN_DIRECT_OBJC_ISA_USAGE = YES_ERROR;
				CLANG_WARN_DOCUMENTATION_COMMENTS = YES;
				CLANG_WARN_EMPTY_BODY = YES;
				CLANG_WARN_ENUM_CONVERSION = YES;
				CLANG_WARN_INFINITE_RECURSION = YES;
				CLANG_WARN_INT_CONVERSION = YES;
				CLANG_WARN_NON_LITERAL_NULL_CONVERSION = YES;
				CLANG_WARN_OBJC_IMPLICIT_RETAIN_SELF = YES;
				CLANG_WARN_OBJC_LITERAL_CONVERSION = YES;
				CLANG_WARN_OBJC_ROOT_CLASS = YES_ERROR;
				CLANG_WARN_QUOTED_INCLUDE_IN_FRAMEWORK_HEADER = YES;
				CLANG_WARN_RANGE_LOOP_ANALYSIS = YES;
				CLANG_WARN_STRICT_PROTOTYPES = YES;
				CLANG_WARN_SUSPICIOUS_MOVE = YES;
				CLANG_WARN_UNGUARDED_AVAILABILITY = YES_AGGRESSIVE;
				CLANG_WARN_UNREACHABLE_CODE = YES;
				CLANG_WARN__DUPLICATE_METHOD_MATCH = YES;
				COPY_PHASE_STRIP = NO;
				DEBUG_INFORMATION_FORMAT = "dwarf-with-dsym";
				ENABLE_NS_ASSERTIONS = NO;
				ENABLE_STRICT_OBJC_MSGSEND = YES;
				GCC_C_LANGUAGE_STANDARD = gnu11;
				GCC_NO_COMMON_BLOCKS = YES;
				GCC_WARN_64_TO_32_BIT_CONVERSION = YES;
				GCC_WARN_ABOUT_RETURN_TYPE = YES_ERROR;
				GCC_WARN_UNDECLARED_SELECTOR = YES;
				GCC_WARN_UNINITIALIZED_AUTOS = YES_AGGRESSIVE;
				GCC_WARN_UNUSED_FUNCTION = YES;
				GCC_WARN_UNUSED_VARIABLE = YES;
				IPHONEOS_DEPLOYMENT_TARGET = 14.5;
				MTL_ENABLE_DEBUG_INFO = NO;
				MTL_FAST_MATH = YES;
				SDKROOT = iphoneos;
				SWIFT_COMPILATION_MODE = wholemodule;
				SWIFT_OPTIMIZATION_LEVEL = "-O";
				VALIDATE_PRODUCT = YES;
			};
			name = Release;
		};
		AB00DE4726F66F26008CC3F1 /* Debug */ = {
			isa = XCBuildConfiguration;
			baseConfigurationReference = 297EDFBAC35C5137B7B14964 /* Pods-RxSwiftMVVMPractice.debug.xcconfig */;
			buildSettings = {
				ASSETCATALOG_COMPILER_APPICON_NAME = AppIcon;
				ASSETCATALOG_COMPILER_GLOBAL_ACCENT_COLOR_NAME = AccentColor;
				CODE_SIGN_STYLE = Automatic;
				DEVELOPMENT_TEAM = 242KS3V77L;
				INFOPLIST_FILE = RxSwiftMVVMPractice/Info.plist;
				LD_RUNPATH_SEARCH_PATHS = (
					"$(inherited)",
					"@executable_path/Frameworks",
				);
				PRODUCT_BUNDLE_IDENTIFIER = oonishireon.RxSwiftMVVMPractice;
				PRODUCT_NAME = "$(TARGET_NAME)";
				SWIFT_VERSION = 5.0;
				TARGETED_DEVICE_FAMILY = "1,2";
			};
			name = Debug;
		};
		AB00DE4826F66F26008CC3F1 /* Release */ = {
			isa = XCBuildConfiguration;
			baseConfigurationReference = 121FDB90CAC90CE0515F5E28 /* Pods-RxSwiftMVVMPractice.release.xcconfig */;
			buildSettings = {
				ASSETCATALOG_COMPILER_APPICON_NAME = AppIcon;
				ASSETCATALOG_COMPILER_GLOBAL_ACCENT_COLOR_NAME = AccentColor;
				CODE_SIGN_STYLE = Automatic;
				DEVELOPMENT_TEAM = 242KS3V77L;
				INFOPLIST_FILE = RxSwiftMVVMPractice/Info.plist;
				LD_RUNPATH_SEARCH_PATHS = (
					"$(inherited)",
					"@executable_path/Frameworks",
				);
				PRODUCT_BUNDLE_IDENTIFIER = oonishireon.RxSwiftMVVMPractice;
				PRODUCT_NAME = "$(TARGET_NAME)";
				SWIFT_VERSION = 5.0;
				TARGETED_DEVICE_FAMILY = "1,2";
			};
			name = Release;
		};
		AB00DE4A26F66F26008CC3F1 /* Debug */ = {
			isa = XCBuildConfiguration;
			baseConfigurationReference = CC1D410FD648872E9BD9B69D /* Pods-RxSwiftMVVMPracticeTests.debug.xcconfig */;
			buildSettings = {
				ALWAYS_EMBED_SWIFT_STANDARD_LIBRARIES = YES;
				BUNDLE_LOADER = "$(TEST_HOST)";
				CODE_SIGN_STYLE = Automatic;
				DEVELOPMENT_TEAM = 242KS3V77L;
				INFOPLIST_FILE = RxSwiftMVVMPracticeTests/Info.plist;
				IPHONEOS_DEPLOYMENT_TARGET = 14.5;
				LD_RUNPATH_SEARCH_PATHS = (
					"$(inherited)",
					"@executable_path/Frameworks",
					"@loader_path/Frameworks",
				);
				PRODUCT_BUNDLE_IDENTIFIER = oonishireon.RxSwiftMVVMPracticeTests;
				PRODUCT_NAME = "$(TARGET_NAME)";
				SWIFT_VERSION = 5.0;
				TARGETED_DEVICE_FAMILY = "1,2";
				TEST_HOST = "$(BUILT_PRODUCTS_DIR)/RxSwiftMVVMPractice.app/RxSwiftMVVMPractice";
			};
			name = Debug;
		};
		AB00DE4B26F66F26008CC3F1 /* Release */ = {
			isa = XCBuildConfiguration;
			baseConfigurationReference = 2170A6823012E7E0B3FA0CFF /* Pods-RxSwiftMVVMPracticeTests.release.xcconfig */;
			buildSettings = {
				ALWAYS_EMBED_SWIFT_STANDARD_LIBRARIES = YES;
				BUNDLE_LOADER = "$(TEST_HOST)";
				CODE_SIGN_STYLE = Automatic;
				DEVELOPMENT_TEAM = 242KS3V77L;
				INFOPLIST_FILE = RxSwiftMVVMPracticeTests/Info.plist;
				IPHONEOS_DEPLOYMENT_TARGET = 14.5;
				LD_RUNPATH_SEARCH_PATHS = (
					"$(inherited)",
					"@executable_path/Frameworks",
					"@loader_path/Frameworks",
				);
				PRODUCT_BUNDLE_IDENTIFIER = oonishireon.RxSwiftMVVMPracticeTests;
				PRODUCT_NAME = "$(TARGET_NAME)";
				SWIFT_VERSION = 5.0;
				TARGETED_DEVICE_FAMILY = "1,2";
				TEST_HOST = "$(BUILT_PRODUCTS_DIR)/RxSwiftMVVMPractice.app/RxSwiftMVVMPractice";
			};
			name = Release;
		};
		AB00DE4D26F66F26008CC3F1 /* Debug */ = {
			isa = XCBuildConfiguration;
			baseConfigurationReference = 9113FB1D9A8785662DF8D13F /* Pods-RxSwiftMVVMPractice-RxSwiftMVVMPracticeUITests.debug.xcconfig */;
			buildSettings = {
				ALWAYS_EMBED_SWIFT_STANDARD_LIBRARIES = YES;
				CODE_SIGN_STYLE = Automatic;
				DEVELOPMENT_TEAM = 242KS3V77L;
				INFOPLIST_FILE = RxSwiftMVVMPracticeUITests/Info.plist;
				LD_RUNPATH_SEARCH_PATHS = (
					"$(inherited)",
					"@executable_path/Frameworks",
					"@loader_path/Frameworks",
				);
				PRODUCT_BUNDLE_IDENTIFIER = oonishireon.RxSwiftMVVMPracticeUITests;
				PRODUCT_NAME = "$(TARGET_NAME)";
				SWIFT_VERSION = 5.0;
				TARGETED_DEVICE_FAMILY = "1,2";
				TEST_TARGET_NAME = RxSwiftMVVMPractice;
			};
			name = Debug;
		};
		AB00DE4E26F66F26008CC3F1 /* Release */ = {
			isa = XCBuildConfiguration;
			baseConfigurationReference = 31DFEA8D294A97626E7CEEDB /* Pods-RxSwiftMVVMPractice-RxSwiftMVVMPracticeUITests.release.xcconfig */;
			buildSettings = {
				ALWAYS_EMBED_SWIFT_STANDARD_LIBRARIES = YES;
				CODE_SIGN_STYLE = Automatic;
				DEVELOPMENT_TEAM = 242KS3V77L;
				INFOPLIST_FILE = RxSwiftMVVMPracticeUITests/Info.plist;
				LD_RUNPATH_SEARCH_PATHS = (
					"$(inherited)",
					"@executable_path/Frameworks",
					"@loader_path/Frameworks",
				);
				PRODUCT_BUNDLE_IDENTIFIER = oonishireon.RxSwiftMVVMPracticeUITests;
				PRODUCT_NAME = "$(TARGET_NAME)";
				SWIFT_VERSION = 5.0;
				TARGETED_DEVICE_FAMILY = "1,2";
				TEST_TARGET_NAME = RxSwiftMVVMPractice;
			};
			name = Release;
		};
/* End XCBuildConfiguration section */

/* Begin XCConfigurationList section */
		AB00DE1726F66F25008CC3F1 /* Build configuration list for PBXProject "RxSwiftMVVMPractice" */ = {
			isa = XCConfigurationList;
			buildConfigurations = (
				AB00DE4426F66F26008CC3F1 /* Debug */,
				AB00DE4526F66F26008CC3F1 /* Release */,
			);
			defaultConfigurationIsVisible = 0;
			defaultConfigurationName = Release;
		};
		AB00DE4626F66F26008CC3F1 /* Build configuration list for PBXNativeTarget "RxSwiftMVVMPractice" */ = {
			isa = XCConfigurationList;
			buildConfigurations = (
				AB00DE4726F66F26008CC3F1 /* Debug */,
				AB00DE4826F66F26008CC3F1 /* Release */,
			);
			defaultConfigurationIsVisible = 0;
			defaultConfigurationName = Release;
		};
		AB00DE4926F66F26008CC3F1 /* Build configuration list for PBXNativeTarget "RxSwiftMVVMPracticeTests" */ = {
			isa = XCConfigurationList;
			buildConfigurations = (
				AB00DE4A26F66F26008CC3F1 /* Debug */,
				AB00DE4B26F66F26008CC3F1 /* Release */,
			);
			defaultConfigurationIsVisible = 0;
			defaultConfigurationName = Release;
		};
		AB00DE4C26F66F26008CC3F1 /* Build configuration list for PBXNativeTarget "RxSwiftMVVMPracticeUITests" */ = {
			isa = XCConfigurationList;
			buildConfigurations = (
				AB00DE4D26F66F26008CC3F1 /* Debug */,
				AB00DE4E26F66F26008CC3F1 /* Release */,
			);
			defaultConfigurationIsVisible = 0;
			defaultConfigurationName = Release;
		};
/* End XCConfigurationList section */
	};
	rootObject = AB00DE1426F66F25008CC3F1 /* Project object */;
}
